
Microsoft Visual Studio Solution File, Format Version 12.00
# Visual Studio Version 16
VisualStudioVersion = 16.0.30413.136
MinimumVisualStudioVersion = 10.0.40219.1
Project("{FAE04EC0-301F-11D3-BF4B-00C04F79EFBC}") = "UIPerformance.Android", "UIPerformance\UIPerformance.Android\UIPerformance.Android.csproj", "{EC42FE1A-2594-420E-A714-3802E2615579}"
EndProject
Project("{FAE04EC0-301F-11D3-BF4B-00C04F79EFBC}") = "UIPerformance.iOS", "UIPerformance\UIPerformance.iOS\UIPerformance.iOS.csproj", "{5C718186-882B-4CF2-8179-3E1B9A62528A}"
EndProject
Project("{FAE04EC0-301F-11D3-BF4B-00C04F79EFBC}") = "UIPerformance", "UIPerformance\UIPerformance\UIPerformance.csproj", "{8C0F1AE1-8D8A-40AF-BB21-84FA77CEDFD5}"
EndProject
Global
	GlobalSection(SolutionConfigurationPlatforms) = preSolution
		Debug|Any CPU = Debug|Any CPU
		Debug|iPhone = Debug|iPhone
		Debug|iPhoneSimulator = Debug|iPhoneSimulator
		Release|Any CPU = Release|Any CPU
		Release|iPhone = Release|iPhone
		Release|iPhoneSimulator = Release|iPhoneSimulator
	EndGlobalSection
	GlobalSection(ProjectConfigurationPlatforms) = postSolution
		{EC42FE1A-2594-420E-A714-3802E2615579}.Debug|Any CPU.ActiveCfg = Debug|Any CPU
		{EC42FE1A-2594-420E-A714-3802E2615579}.Debug|Any CPU.Build.0 = Debug|Any CPU
		{EC42FE1A-2594-420E-A714-3802E2615579}.Debug|Any CPU.Deploy.0 = Debug|Any CPU
		{EC42FE1A-2594-420E-A714-3802E2615579}.Debug|iPhone.ActiveCfg = Debug|Any CPU
		{EC42FE1A-2594-420E-A714-3802E2615579}.Debug|iPhone.Build.0 = Debug|Any CPU
		{EC42FE1A-2594-420E-A714-3802E2615579}.Debug|iPhone.Deploy.0 = Debug|Any CPU
		{EC42FE1A-2594-420E-A714-3802E2615579}.Debug|iPhoneSimulator.ActiveCfg = Debug|Any CPU
		{EC42FE1A-2594-420E-A714-3802E2615579}.Debug|iPhoneSimulator.Build.0 = Debug|Any CPU
		{EC42FE1A-2594-420E-A714-3802E2615579}.Debug|iPhoneSimulator.Deploy.0 = Debug|Any CPU
		{EC42FE1A-2594-420E-A714-3802E2615579}.Release|Any CPU.ActiveCfg = Release|Any CPU
		{EC42FE1A-2594-420E-A714-3802E2615579}.Release|Any CPU.Build.0 = Release|Any CPU
		{EC42FE1A-2594-420E-A714-3802E2615579}.Release|Any CPU.Deploy.0 = Release|Any CPU
		{EC42FE1A-2594-420E-A714-3802E2615579}.Release|iPhone.ActiveCfg = Release|Any CPU
		{EC42FE1A-2594-420E-A714-3802E2615579}.Release|iPhone.Build.0 = Release|Any CPU
		{EC42FE1A-2594-420E-A714-3802E2615579}.Release|iPhone.Deploy.0 = Release|Any CPU
		{EC42FE1A-2594-420E-A714-3802E2615579}.Release|iPhoneSimulator.ActiveCfg = Release|Any CPU
		{EC42FE1A-2594-420E-A714-3802E2615579}.Release|iPhoneSimulator.Build.0 = Release|Any CPU
		{EC42FE1A-2594-420E-A714-3802E2615579}.Release|iPhoneSimulator.Deploy.0 = Release|Any CPU
		{5C718186-882B-4CF2-8179-3E1B9A62528A}.Debug|Any CPU.ActiveCfg = Debug|iPhone
		{5C718186-882B-4CF2-8179-3E1B9A62528A}.Debug|Any CPU.Build.0 = Debug|iPhone
		{5C718186-882B-4CF2-8179-3E1B9A62528A}.Debug|Any CPU.Deploy.0 = Debug|iPhone
		{5C718186-882B-4CF2-8179-3E1B9A62528A}.Debug|iPhone.ActiveCfg = Debug|iPhone
		{5C718186-882B-4CF2-8179-3E1B9A62528A}.Debug|iPhone.Build.0 = Debug|iPhone
		{5C718186-882B-4CF2-8179-3E1B9A62528A}.Debug|iPhone.Deploy.0 = Debug|iPhone
		{5C718186-882B-4CF2-8179-3E1B9A62528A}.Debug|iPhoneSimulator.ActiveCfg = Debug|iPhoneSimulator
		{5C718186-882B-4CF2-8179-3E1B9A62528A}.Debug|iPhoneSimulator.Build.0 = Debug|iPhoneSimulator
		{5C718186-882B-4CF2-8179-3E1B9A62528A}.Debug|iPhoneSimulator.Deploy.0 = Debug|iPhoneSimulator
		{5C718186-882B-4CF2-8179-3E1B9A62528A}.Release|Any CPU.ActiveCfg = Release|iPhone
		{5C718186-882B-4CF2-8179-3E1B9A62528A}.Release|Any CPU.Build.0 = Release|iPhone
		{5C718186-882B-4CF2-8179-3E1B9A62528A}.Release|Any CPU.Deploy.0 = Release|iPhone
		{5C718186-882B-4CF2-8179-3E1B9A62528A}.Release|iPhone.ActiveCfg = Release|iPhone
		{5C718186-882B-4CF2-8179-3E1B9A62528A}.Release|iPhone.Build.0 = Release|iPhone
		{5C718186-882B-4CF2-8179-3E1B9A62528A}.Release|iPhone.Deploy.0 = Release|iPhone
		{5C718186-882B-4CF2-8179-3E1B9A62528A}.Release|iPhoneSimulator.ActiveCfg = Release|iPhoneSimulator
		{5C718186-882B-4CF2-8179-3E1B9A62528A}.Release|iPhoneSimulator.Build.0 = Release|iPhoneSimulator
		{5C718186-882B-4CF2-8179-3E1B9A62528A}.Release|iPhoneSimulator.Deploy.0 = Release|iPhoneSimulator
		{8C0F1AE1-8D8A-40AF-BB21-84FA77CEDFD5}.Debug|Any CPU.ActiveCfg = Debug|Any CPU
		{8C0F1AE1-8D8A-40AF-BB21-84FA77CEDFD5}.Debug|Any CPU.Build.0 = Debug|Any CPU
		{8C0F1AE1-8D8A-40AF-BB21-84FA77CEDFD5}.Debug|Any CPU.Deploy.0 = Debug|Any CPU
		{8C0F1AE1-8D8A-40AF-BB21-84FA77CEDFD5}.Debug|iPhone.ActiveCfg = Debug|Any CPU
		{8C0F1AE1-8D8A-40AF-BB21-84FA77CEDFD5}.Debug|iPhone.Build.0 = Debug|Any CPU
		{8C0F1AE1-8D8A-40AF-BB21-84FA77CEDFD5}.Debug|iPhone.Deploy.0 = Debug|Any CPU
		{8C0F1AE1-8D8A-40AF-BB21-84FA77CEDFD5}.Debug|iPhoneSimulator.ActiveCfg = Debug|Any CPU
		{8C0F1AE1-8D8A-40AF-BB21-84FA77CEDFD5}.Debug|iPhoneSimulator.Build.0 = Debug|Any CPU
		{8C0F1AE1-8D8A-40AF-BB21-84FA77CEDFD5}.Debug|iPhoneSimulator.Deploy.0 = Debug|Any CPU
		{8C0F1AE1-8D8A-40AF-BB21-84FA77CEDFD5}.Release|Any CPU.ActiveCfg = Release|Any CPU
		{8C0F1AE1-8D8A-40AF-BB21-84FA77CEDFD5}.Release|Any CPU.Build.0 = Release|Any CPU
		{8C0F1AE1-8D8A-40AF-BB21-84FA77CEDFD5}.Release|Any CPU.Deploy.0 = Release|Any CPU
		{8C0F1AE1-8D8A-40AF-BB21-84FA77CEDFD5}.Release|iPhone.ActiveCfg = Release|Any CPU
		{8C0F1AE1-8D8A-40AF-BB21-84FA77CEDFD5}.Release|iPhone.Build.0 = Release|Any CPU
		{8C0F1AE1-8D8A-40AF-BB21-84FA77CEDFD5}.Release|iPhone.Deploy.0 = Release|Any CPU
		{8C0F1AE1-8D8A-40AF-BB21-84FA77CEDFD5}.Release|iPhoneSimulator.ActiveCfg = Release|Any CPU
		{8C0F1AE1-8D8A-40AF-BB21-84FA77CEDFD5}.Release|iPhoneSimulator.Build.0 = Release|Any CPU
		{8C0F1AE1-8D8A-40AF-BB21-84FA77CEDFD5}.Release|iPhoneSimulator.Deploy.0 = Release|Any CPU
	EndGlobalSection
	GlobalSection(SolutionProperties) = preSolution
		HideSolutionNode = FALSE
	EndGlobalSection
	GlobalSection(ExtensibilityGlobals) = postSolution
		SolutionGuid = {4C4CDA00-5A6E-46BE-AF79-F39EFACEB8A0}
	EndGlobalSection
EndGlobal
